
Microsoft Visual Studio Solution File, Format Version 12.00
# Visual Studio 15
VisualStudioVersion = 15.0.28307.271
MinimumVisualStudioVersion = 10.0.40219.1
Project("{FAE04EC0-301F-11D3-BF4B-00C04F79EFBC}") = "WebApplication", "WebApplication\WebApplication.csproj", "{DE4B1D8E-27BE-42DD-BD4D-A774A8EB2704}"
EndProject
Global
	GlobalSection(SolutionConfigurationPlatforms) = preSolution
		Debug|Any CPU = Debug|Any CPU
		Release|Any CPU = Release|Any CPU
	EndGlobalSection
	GlobalSection(ProjectConfigurationPlatforms) = postSolution
		{DE4B1D8E-27BE-42DD-BD4D-A774A8EB2704}.Debug|Any CPU.ActiveCfg = Debug|Any CPU
		{DE4B1D8E-27BE-42DD-BD4D-A774A8EB2704}.Debug|Any CPU.Build.0 = Debug|Any CPU
		{DE4B1D8E-27BE-42DD-BD4D-A774A8EB2704}.Release|Any CPU.ActiveCfg = Release|Any CPU
		{DE4B1D8E-27BE-42DD-BD4D-A774A8EB2704}.Release|Any CPU.Build.0 = Release|Any CPU
	EndGlobalSection
	GlobalSection(SolutionProperties) = preSolution
		HideSolutionNode = FALSE
	EndGlobalSection
	GlobalSection(ExtensibilityGlobals) = postSolution
		SolutionGuid = {5BA586BE-34D8-47F9-B91B-BDFF0C68751E}
	EndGlobalSection
EndGlobal
